
Microsoft Visual Studio Solution File, Format Version 12.00
# Visual Studio Version 17
VisualStudioVersion = 17.8.34525.116
MinimumVisualStudioVersion = 10.0.40219.1
Project("{FAE04EC0-301F-11D3-BF4B-00C04F79EFBC}") = "ConsoleAppBanco", "ConsoleAppBanco\ConsoleAppBanco.csproj", "{5F97762F-DEAF-4774-B6FB-BCCD230FB232}"
EndProject
Global
	GlobalSection(SolutionConfigurationPlatforms) = preSolution
		Debug|Any CPU = Debug|Any CPU
		Release|Any CPU = Release|Any CPU
	EndGlobalSection
	GlobalSection(ProjectConfigurationPlatforms) = postSolution
		{5F97762F-DEAF-4774-B6FB-BCCD230FB232}.Debug|Any CPU.ActiveCfg = Debug|Any CPU
		{5F97762F-DEAF-4774-B6FB-BCCD230FB232}.Debug|Any CPU.Build.0 = Debug|Any CPU
		{5F97762F-DEAF-4774-B6FB-BCCD230FB232}.Release|Any CPU.ActiveCfg = Release|Any CPU
		{5F97762F-DEAF-4774-B6FB-BCCD230FB232}.Release|Any CPU.Build.0 = Release|Any CPU
	EndGlobalSection
	GlobalSection(SolutionProperties) = preSolution
		HideSolutionNode = FALSE
	EndGlobalSection
	GlobalSection(ExtensibilityGlobals) = postSolution
		SolutionGuid = {CE18196F-6D6A-4BA3-B74D-591F2B85F611}
	EndGlobalSection
EndGlobal
